<?xml version="1.0" encoding="utf-8"?>
<Project ToolsVersion="4.0" xmlns="http://schemas.microsoft.com/developer/msbuild/2003">
  <ItemGroup>
    <ClCompile Include="Code\main.cpp" />
    <ClCompile Include="Code\InitShader.cpp">
      <Filter>Support</Filter>
    </ClCompile>
    <ClCompile Include="Code\Timer.cpp">
      <Filter>Support</Filter>
    </ClCompile>
    <ClCompile Include="Code\GraphicsManager.cpp">
      <Filter>Graphics</Filter>
    </ClCompile>
    <ClCompile Include="Code\BMPTexture.cpp">
      <Filter>Graphics\Texture</Filter>
    </ClCompile>
    <ClCompile Include="Code\TextureManager.cpp">
      <Filter>Graphics\Texture</Filter>
    </ClCompile>
    <ClCompile Include="Code\GeometryManager.cpp">
      <Filter>Graphics\Geometry</Filter>
    </ClCompile>
    <ClCompile Include="Code\UberShader.cpp">
      <Filter>Graphics\Shader</Filter>
    </ClCompile>
    <ClCompile Include="Code\Object.cpp" />
    <ClCompile Include="Code\Player.cpp" />
    <ClCompile Include="Code\GameManager.cpp" />
    <ClCompile Include="Code\Ground.cpp" />
    <ClCompile Include="Code\EnviroObj.cpp" />
    <ClCompile Include="Code\Bullet.cpp" />
    <ClCompile Include="Code\Monster.cpp" />
    <ClCompile Include="Code\BoundingBox.cpp" />
    <ClCompile Include="Code\FrameBufferTexture.cpp">
      <Filter>Graphics\Effect</Filter>
    </ClCompile>
    <ClCompile Include="Code\ForwardShader.cpp">
      <Filter>Graphics\Shader\ForwardShader</Filter>
    </ClCompile>
    <ClCompile Include="Code\ForwardShaderState.cpp">
      <Filter>Graphics\Shader\ForwardShader</Filter>
    </ClCompile>
    <ClCompile Include="Code\PostProcessShader.cpp">
      <Filter>Graphics\Shader\PostProcessShader</Filter>
    </ClCompile>
    <ClCompile Include="Code\PostProcessShaderState.cpp">
      <Filter>Graphics\Shader\PostProcessShader</Filter>
    </ClCompile>
    <ClCompile Include="Code\Crate.cpp" />
  </ItemGroup>
  <ItemGroup>
    <ClInclude Include="Code\Angel.h">
      <Filter>Support</Filter>
    </ClInclude>
    <ClInclude Include="Code\mat.h">
      <Filter>Support</Filter>
    </ClInclude>
    <ClInclude Include="Code\vec.h">
      <Filter>Support</Filter>
    </ClInclude>
    <ClInclude Include="Code\Timer.h">
      <Filter>Support</Filter>
    </ClInclude>
    <ClInclude Include="Code\GraphicsManager.h">
      <Filter>Graphics</Filter>
    </ClInclude>
    <ClInclude Include="Code\RenderBatch.h">
      <Filter>Graphics</Filter>
    </ClInclude>
    <ClInclude Include="Code\GameManager.h" />
    <ClInclude Include="Code\Bullet.h" />
    <ClInclude Include="Code\EnviroObj.h" />
    <ClInclude Include="Code\Monster.h" />
    <ClInclude Include="Code\Object.h" />
    <ClInclude Include="Code\Player.h" />
    <ClInclude Include="Code\Ground.h" />
    <ClInclude Include="Code\EffectParameters.h">
      <Filter>Graphics</Filter>
    </ClInclude>
    <ClInclude Include="Code\RenderParameters.h">
      <Filter>Graphics</Filter>
    </ClInclude>
    <ClInclude Include="Code\BMPTexture.h">
      <Filter>Graphics\Texture</Filter>
    </ClInclude>
    <ClInclude Include="Code\TextureManager.h">
      <Filter>Graphics\Texture</Filter>
    </ClInclude>
    <ClInclude Include="Code\GeometryManager.h">
      <Filter>Graphics\Geometry</Filter>
    </ClInclude>
    <ClInclude Include="Code\Geometry.h">
      <Filter>Graphics\Geometry</Filter>
    </ClInclude>
    <ClInclude Include="Code\Vertex.h">
      <Filter>Graphics\Geometry</Filter>
    </ClInclude>
    <ClInclude Include="Code\UberShader.h">
      <Filter>Graphics\Shader</Filter>
    </ClInclude>
    <ClInclude Include="Code\GraphicsSettings.h">
      <Filter>Graphics</Filter>
    </ClInclude>
    <ClInclude Include="Code\FrameBufferTexture.h">
      <Filter>Graphics\Effect</Filter>
    </ClInclude>
    <ClInclude Include="Code\RenderPass.h">
      <Filter>Graphics\Effect</Filter>
    </ClInclude>
    <ClInclude Include="Code\ShaderState.h">
      <Filter>Graphics\Shader</Filter>
    </ClInclude>
    <ClInclude Include="Code\ForwardShaderState.h">
      <Filter>Graphics\Shader\ForwardShader</Filter>
    </ClInclude>
    <ClInclude Include="Code\ForwardShader.h">
      <Filter>Graphics\Shader\ForwardShader</Filter>
    </ClInclude>
    <ClInclude Include="Code\PostProcessShaderState.h">
      <Filter>Graphics\Shader\PostProcessShader</Filter>
    </ClInclude>
    <ClInclude Include="Code\PostProcessShader.h">
      <Filter>Graphics\Shader\PostProcessShader</Filter>
    </ClInclude>
    <ClInclude Include="Code\BoundingBox.h" />
    <ClInclude Include="Code\CachedRenderBatch.h">
      <Filter>Graphics\Effect</Filter>
    </ClInclude>
    <ClInclude Include="Code\AttributeLocation.h">
      <Filter>Graphics\Geometry</Filter>
    </ClInclude>
    <ClInclude Include="Code\Crate.h" />
  </ItemGroup>
  <ItemGroup>
    <Filter Include="Support">
      <UniqueIdentifier>{835ff7d0-5388-472d-bcf2-b1befbfd2926}</UniqueIdentifier>
    </Filter>
    <Filter Include="Shaders">
      <UniqueIdentifier>{4a409850-85d5-47d8-b434-5d5a8044de84}</UniqueIdentifier>
    </Filter>
    <Filter Include="Data">
      <UniqueIdentifier>{c5abab42-63e8-499e-8e68-059fe20849eb}</UniqueIdentifier>
    </Filter>
    <Filter Include="Graphics">
      <UniqueIdentifier>{4606b1fd-a183-46cb-9316-fca1ec1e4f16}</UniqueIdentifier>
    </Filter>
    <Filter Include="Graphics\Texture">
      <UniqueIdentifier>{554927aa-d4a2-4db3-a5b3-db1dc5e85387}</UniqueIdentifier>
    </Filter>
    <Filter Include="Graphics\Geometry">
      <UniqueIdentifier>{5b016e54-5706-4405-9c5f-d353dc579eed}</UniqueIdentifier>
    </Filter>
    <Filter Include="Graphics\Shader">
      <UniqueIdentifier>{f4474ff5-268f-45fb-b8b9-2845cd2ac771}</UniqueIdentifier>
    </Filter>
    <Filter Include="Graphics\Shader\ForwardShader">
      <UniqueIdentifier>{4e267423-56d8-4539-9717-866fce418ff6}</UniqueIdentifier>
    </Filter>
    <Filter Include="Graphics\Shader\PostProcessShader">
      <UniqueIdentifier>{947fdced-fbe0-45c2-8d32-067430002b7d}</UniqueIdentifier>
    </Filter>
    <Filter Include="Graphics\Effect">
      <UniqueIdentifier>{6177ba50-10cb-47f9-995e-da337f0d3974}</UniqueIdentifier>
    </Filter>
  </ItemGroup>
  <ItemGroup>
    <None Include="Data\Shaders\forwardFrag.txt">
      <Filter>Shaders</Filter>
    </None>
    <None Include="Data\Shaders\forwardVert.txt">
      <Filter>Shaders</Filter>
    </None>
    <None Include="Data\Shaders\postFrag.txt">
      <Filter>Shaders</Filter>
    </None>
    <None Include="Data\Shaders\postVert.txt">
      <Filter>Shaders</Filter>
    </None>
    <None Include="Data\Geometry\GeometryLibrary.txt">
      <Filter>Data</Filter>
    </None>
    <None Include="Data\Textures\TextureLibrary.txt">
      <Filter>Data</Filter>
    </None>
    <None Include="Data\AssetLibrary.txt">
      <Filter>Data</Filter>
    </None>
    <None Include="Data\Shaders\Effect.txt">
      <Filter>Data</Filter>
    </None>
  </ItemGroup>
</Project>