<?xml version="1.0" encoding="utf-8"?>
<Project ToolsVersion="4.0" xmlns="http://schemas.microsoft.com/developer/msbuild/2003">
  <ItemGroup>
    <ClCompile Include="Code\main.cpp" />
    <ClCompile Include="Code\InitShader.cpp">
      <Filter>Support</Filter>
    </ClCompile>
    <ClCompile Include="Code\Timer.cpp">
      <Filter>Support</Filter>
    </ClCompile>
    <ClCompile Include="Code\GraphicsManager.cpp">
      <Filter>Graphics</Filter>
    </ClCompile>
    <ClCompile Include="Code\UberShader.cpp">
      <Filter>Graphics</Filter>
    </ClCompile>
    <ClCompile Include="Code\GeometryManager.cpp">
      <Filter>Graphics</Filter>
    </ClCompile>
    <ClCompile Include="Code\TextureManager.cpp">
      <Filter>Graphics</Filter>
    </ClCompile>
    <ClCompile Include="Code\BMPTexture.cpp">
      <Filter>Graphics</Filter>
    </ClCompile>
  </ItemGroup>
  <ItemGroup>
    <ClInclude Include="Code\Angel.h">
      <Filter>Support</Filter>
    </ClInclude>
    <ClInclude Include="Code\mat.h">
      <Filter>Support</Filter>
    </ClInclude>
    <ClInclude Include="Code\vec.h">
      <Filter>Support</Filter>
    </ClInclude>
    <ClInclude Include="Code\Timer.h">
      <Filter>Support</Filter>
    </ClInclude>
    <ClInclude Include="Code\Vertex.h">
      <Filter>Support</Filter>
    </ClInclude>
    <ClInclude Include="Code\GraphicsManager.h">
      <Filter>Graphics</Filter>
    </ClInclude>
    <ClInclude Include="Code\RenderBatch.h">
      <Filter>Graphics</Filter>
    </ClInclude>
    <ClInclude Include="Code\UberShader.h">
      <Filter>Graphics</Filter>
    </ClInclude>
    <ClInclude Include="Code\EffectState.h">
      <Filter>Graphics</Filter>
    </ClInclude>
    <ClInclude Include="Code\ShaderState.h">
      <Filter>Graphics</Filter>
    </ClInclude>
    <ClInclude Include="Code\GeometryManager.h">
      <Filter>Graphics</Filter>
    </ClInclude>
    <ClInclude Include="Code\TextureManager.h">
      <Filter>Graphics</Filter>
    </ClInclude>
    <ClInclude Include="Code\BMPTexture.h">
      <Filter>Graphics</Filter>
    </ClInclude>
    <ClInclude Include="Code\GameManager.h" />
    <ClInclude Include="Code\Bullet.h" />
    <ClInclude Include="Code\EnviroObj.h" />
    <ClInclude Include="Code\Monster.h" />
    <ClInclude Include="Code\Object.h" />
    <ClInclude Include="Code\Player.h" />
    <ClInclude Include="Code\Ground.h" />
  </ItemGroup>
  <ItemGroup>
    <None Include="Shaders\frag.txt">
      <Filter>Shaders</Filter>
    </None>
    <None Include="Shaders\vert.txt">
      <Filter>Shaders</Filter>
    </None>
  </ItemGroup>
  <ItemGroup>
    <Filter Include="Support">
      <UniqueIdentifier>{835ff7d0-5388-472d-bcf2-b1befbfd2926}</UniqueIdentifier>
    </Filter>
    <Filter Include="Shaders">
      <UniqueIdentifier>{4a409850-85d5-47d8-b434-5d5a8044de84}</UniqueIdentifier>
    </Filter>
    <Filter Include="Graphics">
      <UniqueIdentifier>{4606b1fd-a183-46cb-9316-fca1ec1e4f16}</UniqueIdentifier>
    </Filter>
  </ItemGroup>
</Project>